{
  "name": "casaguijs",
  "version": "0.0.10",
  "lockfileVersion": 2,
  "requires": true,
  "packages": {
    "": {
      "name": "casaguijs",
      "version": "0.0.10",
      "license": "BSD-3-Clause",
      "dependencies": {
        "@bokeh/bokehjs": "^3.1.1"
      },
      "devDependencies": {}
    },
    "node_modules/@bokeh/bokehjs": {
      "version": "3.2.2",
      "resolved": "https://registry.npmjs.org/@bokeh/bokehjs/-/bokehjs-3.2.2.tgz",
      "integrity": "sha512-Eh/mSsiG4VfJcMa5hDKTSBt76vBUFC6LLte1Ptf0j8GvpnXhynIADiLzDau++wiWVS7dxn7T09/CPYWBh5RGQw==",
      "engines": {
        "node": ">=16.0",
        "npm": ">=8.0"
      }
    }
  },
  "dependencies": {
    "@bokeh/bokehjs": {
      "version": "3.2.2",
      "resolved": "https://registry.npmjs.org/@bokeh/bokehjs/-/bokehjs-3.2.2.tgz",
      "integrity": "sha512-Eh/mSsiG4VfJcMa5hDKTSBt76vBUFC6LLte1Ptf0j8GvpnXhynIADiLzDau++wiWVS7dxn7T09/CPYWBh5RGQw=="
    }
  }
}
